
Microsoft Visual Studio Solution File, Format Version 12.00
# Visual Studio Version 17
VisualStudioVersion = 17.14.36717.8
MinimumVisualStudioVersion = 10.0.40219.1
Project("{8BC9CEB8-8B4A-11D0-8D11-00A0C91BC942}") = "W1-2", "W1-2\W1-2.vcxproj", "{8A7ADE22-C8F2-4E97-9D50-A20E10FC6309}"
EndProject
Project("{8BC9CEB8-8B4A-11D0-8D11-00A0C91BC942}") = "W2-1", "W2-1\W2-1.vcxproj", "{7AC2AC1C-857E-4E46-BE02-04E201C0798D}"
EndProject
Project("{8BC9CEB8-8B4A-11D0-8D11-00A0C91BC942}") = "Assignment_1", "Assignment_1\Assignment_1.vcxproj", "{792581E6-6DCF-4E97-9B0B-4FE06FE3B16E}"
EndProject
Project("{8BC9CEB8-8B4A-11D0-8D11-00A0C91BC942}") = "W2-2", "W2-2\W2-2.vcxproj", "{69807954-0893-42BC-89EE-5CC2F0C754DC}"
EndProject
Project("{8BC9CEB8-8B4A-11D0-8D11-00A0C91BC942}") = "W3-1", "W3-1\W3-1.vcxproj", "{9F86C5B6-B75A-4EDD-AA01-4C0880E41387}"
EndProject
Project("{8BC9CEB8-8B4A-11D0-8D11-00A0C91BC942}") = "W3-2", "W3-2\W3-2.vcxproj", "{A08E6E8F-304E-486B-A12B-EE68CEB1AEB4}"
EndProject
Project("{8BC9CEB8-8B4A-11D0-8D11-00A0C91BC942}") = "W4-1", "W4-1\W4-1.vcxproj", "{C898CB33-9854-49FB-A8F3-62B57B24BD26}"
EndProject
Project("{8BC9CEB8-8B4A-11D0-8D11-00A0C91BC942}") = "W4-2", "W4-2\W4-2.vcxproj", "{A282B557-8665-409E-BE93-C6023EF1E365}"
EndProject
Project("{8BC9CEB8-8B4A-11D0-8D11-00A0C91BC942}") = "W6-1", "W6-1\W6-1.vcxproj", "{5B956E33-C70D-4324-AD2C-122FBBF36ED9}"
EndProject
Project("{8BC9CEB8-8B4A-11D0-8D11-00A0C91BC942}") = "W6-2", "W6-2\W6-2.vcxproj", "{DF5292CD-5B09-4672-8CEF-A55F00E62083}"
EndProject
Project("{8BC9CEB8-8B4A-11D0-8D11-00A0C91BC942}") = "W7-1", "W7-1\W7-1.vcxproj", "{048938AE-DA84-4F09-9554-FFA87E00ADC4}"
EndProject
Project("{8BC9CEB8-8B4A-11D0-8D11-00A0C91BC942}") = "W7-2", "W7-2\W7-2.vcxproj", "{44B77CED-B1AD-4477-AE9D-85B31C31FE3E}"
EndProject
Project("{8BC9CEB8-8B4A-11D0-8D11-00A0C91BC942}") = "W5-2", "W5-2\W5-2.vcxproj", "{F6850083-B503-4935-BA55-E7F254A61BCF}"
EndProject
Global
	GlobalSection(SolutionConfigurationPlatforms) = preSolution
		Debug|x64 = Debug|x64
		Debug|x86 = Debug|x86
		Release|x64 = Release|x64
		Release|x86 = Release|x86
	EndGlobalSection
	GlobalSection(ProjectConfigurationPlatforms) = postSolution
		{8A7ADE22-C8F2-4E97-9D50-A20E10FC6309}.Debug|x64.ActiveCfg = Debug|x64
		{8A7ADE22-C8F2-4E97-9D50-A20E10FC6309}.Debug|x64.Build.0 = Debug|x64
		{8A7ADE22-C8F2-4E97-9D50-A20E10FC6309}.Debug|x86.ActiveCfg = Debug|Win32
		{8A7ADE22-C8F2-4E97-9D50-A20E10FC6309}.Debug|x86.Build.0 = Debug|Win32
		{8A7ADE22-C8F2-4E97-9D50-A20E10FC6309}.Release|x64.ActiveCfg = Release|x64
		{8A7ADE22-C8F2-4E97-9D50-A20E10FC6309}.Release|x64.Build.0 = Release|x64
		{8A7ADE22-C8F2-4E97-9D50-A20E10FC6309}.Release|x86.ActiveCfg = Release|Win32
		{8A7ADE22-C8F2-4E97-9D50-A20E10FC6309}.Release|x86.Build.0 = Release|Win32
		{7AC2AC1C-857E-4E46-BE02-04E201C0798D}.Debug|x64.ActiveCfg = Debug|x64
		{7AC2AC1C-857E-4E46-BE02-04E201C0798D}.Debug|x64.Build.0 = Debug|x64
		{7AC2AC1C-857E-4E46-BE02-04E201C0798D}.Debug|x86.ActiveCfg = Debug|Win32
		{7AC2AC1C-857E-4E46-BE02-04E201C0798D}.Debug|x86.Build.0 = Debug|Win32
		{7AC2AC1C-857E-4E46-BE02-04E201C0798D}.Release|x64.ActiveCfg = Release|x64
		{7AC2AC1C-857E-4E46-BE02-04E201C0798D}.Release|x64.Build.0 = Release|x64
		{7AC2AC1C-857E-4E46-BE02-04E201C0798D}.Release|x86.ActiveCfg = Release|Win32
		{7AC2AC1C-857E-4E46-BE02-04E201C0798D}.Release|x86.Build.0 = Release|Win32
		{792581E6-6DCF-4E97-9B0B-4FE06FE3B16E}.Debug|x64.ActiveCfg = Debug|x64
		{792581E6-6DCF-4E97-9B0B-4FE06FE3B16E}.Debug|x64.Build.0 = Debug|x64
		{792581E6-6DCF-4E97-9B0B-4FE06FE3B16E}.Debug|x86.ActiveCfg = Debug|Win32
		{792581E6-6DCF-4E97-9B0B-4FE06FE3B16E}.Debug|x86.Build.0 = Debug|Win32
		{792581E6-6DCF-4E97-9B0B-4FE06FE3B16E}.Release|x64.ActiveCfg = Release|x64
		{792581E6-6DCF-4E97-9B0B-4FE06FE3B16E}.Release|x64.Build.0 = Release|x64
		{792581E6-6DCF-4E97-9B0B-4FE06FE3B16E}.Release|x86.ActiveCfg = Release|Win32
		{792581E6-6DCF-4E97-9B0B-4FE06FE3B16E}.Release|x86.Build.0 = Release|Win32
		{69807954-0893-42BC-89EE-5CC2F0C754DC}.Debug|x64.ActiveCfg = Debug|x64
		{69807954-0893-42BC-89EE-5CC2F0C754DC}.Debug|x64.Build.0 = Debug|x64
		{69807954-0893-42BC-89EE-5CC2F0C754DC}.Debug|x86.ActiveCfg = Debug|Win32
		{69807954-0893-42BC-89EE-5CC2F0C754DC}.Debug|x86.Build.0 = Debug|Win32
		{69807954-0893-42BC-89EE-5CC2F0C754DC}.Release|x64.ActiveCfg = Release|x64
		{69807954-0893-42BC-89EE-5CC2F0C754DC}.Release|x64.Build.0 = Release|x64
		{69807954-0893-42BC-89EE-5CC2F0C754DC}.Release|x86.ActiveCfg = Release|Win32
		{69807954-0893-42BC-89EE-5CC2F0C754DC}.Release|x86.Build.0 = Release|Win32
		{9F86C5B6-B75A-4EDD-AA01-4C0880E41387}.Debug|x64.ActiveCfg = Debug|x64
		{9F86C5B6-B75A-4EDD-AA01-4C0880E41387}.Debug|x64.Build.0 = Debug|x64
		{9F86C5B6-B75A-4EDD-AA01-4C0880E41387}.Debug|x86.ActiveCfg = Debug|Win32
		{9F86C5B6-B75A-4EDD-AA01-4C0880E41387}.Debug|x86.Build.0 = Debug|Win32
		{9F86C5B6-B75A-4EDD-AA01-4C0880E41387}.Release|x64.ActiveCfg = Release|x64
		{9F86C5B6-B75A-4EDD-AA01-4C0880E41387}.Release|x64.Build.0 = Release|x64
		{9F86C5B6-B75A-4EDD-AA01-4C0880E41387}.Release|x86.ActiveCfg = Release|Win32
		{9F86C5B6-B75A-4EDD-AA01-4C0880E41387}.Release|x86.Build.0 = Release|Win32
		{A08E6E8F-304E-486B-A12B-EE68CEB1AEB4}.Debug|x64.ActiveCfg = Debug|x64
		{A08E6E8F-304E-486B-A12B-EE68CEB1AEB4}.Debug|x64.Build.0 = Debug|x64
		{A08E6E8F-304E-486B-A12B-EE68CEB1AEB4}.Debug|x86.ActiveCfg = Debug|Win32
		{A08E6E8F-304E-486B-A12B-EE68CEB1AEB4}.Debug|x86.Build.0 = Debug|Win32
		{A08E6E8F-304E-486B-A12B-EE68CEB1AEB4}.Release|x64.ActiveCfg = Release|x64
		{A08E6E8F-304E-486B-A12B-EE68CEB1AEB4}.Release|x64.Build.0 = Release|x64
		{A08E6E8F-304E-486B-A12B-EE68CEB1AEB4}.Release|x86.ActiveCfg = Release|Win32
		{A08E6E8F-304E-486B-A12B-EE68CEB1AEB4}.Release|x86.Build.0 = Release|Win32
		{C898CB33-9854-49FB-A8F3-62B57B24BD26}.Debug|x64.ActiveCfg = Debug|x64
		{C898CB33-9854-49FB-A8F3-62B57B24BD26}.Debug|x64.Build.0 = Debug|x64
		{C898CB33-9854-49FB-A8F3-62B57B24BD26}.Debug|x86.ActiveCfg = Debug|Win32
		{C898CB33-9854-49FB-A8F3-62B57B24BD26}.Debug|x86.Build.0 = Debug|Win32
		{C898CB33-9854-49FB-A8F3-62B57B24BD26}.Release|x64.ActiveCfg = Release|x64
		{C898CB33-9854-49FB-A8F3-62B57B24BD26}.Release|x64.Build.0 = Release|x64
		{C898CB33-9854-49FB-A8F3-62B57B24BD26}.Release|x86.ActiveCfg = Release|Win32
		{C898CB33-9854-49FB-A8F3-62B57B24BD26}.Release|x86.Build.0 = Release|Win32
		{A282B557-8665-409E-BE93-C6023EF1E365}.Debug|x64.ActiveCfg = Debug|x64
		{A282B557-8665-409E-BE93-C6023EF1E365}.Debug|x64.Build.0 = Debug|x64
		{A282B557-8665-409E-BE93-C6023EF1E365}.Debug|x86.ActiveCfg = Debug|Win32
		{A282B557-8665-409E-BE93-C6023EF1E365}.Debug|x86.Build.0 = Debug|Win32
		{A282B557-8665-409E-BE93-C6023EF1E365}.Release|x64.ActiveCfg = Release|x64
		{A282B557-8665-409E-BE93-C6023EF1E365}.Release|x64.Build.0 = Release|x64
		{A282B557-8665-409E-BE93-C6023EF1E365}.Release|x86.ActiveCfg = Release|Win32
		{A282B557-8665-409E-BE93-C6023EF1E365}.Release|x86.Build.0 = Release|Win32
		{5B956E33-C70D-4324-AD2C-122FBBF36ED9}.Debug|x64.ActiveCfg = Debug|x64
		{5B956E33-C70D-4324-AD2C-122FBBF36ED9}.Debug|x64.Build.0 = Debug|x64
		{5B956E33-C70D-4324-AD2C-122FBBF36ED9}.Debug|x86.ActiveCfg = Debug|Win32
		{5B956E33-C70D-4324-AD2C-122FBBF36ED9}.Debug|x86.Build.0 = Debug|Win32
		{5B956E33-C70D-4324-AD2C-122FBBF36ED9}.Release|x64.ActiveCfg = Release|x64
		{5B956E33-C70D-4324-AD2C-122FBBF36ED9}.Release|x64.Build.0 = Release|x64
		{5B956E33-C70D-4324-AD2C-122FBBF36ED9}.Release|x86.ActiveCfg = Release|Win32
		{5B956E33-C70D-4324-AD2C-122FBBF36ED9}.Release|x86.Build.0 = Release|Win32
		{DF5292CD-5B09-4672-8CEF-A55F00E62083}.Debug|x64.ActiveCfg = Debug|x64
		{DF5292CD-5B09-4672-8CEF-A55F00E62083}.Debug|x64.Build.0 = Debug|x64
		{DF5292CD-5B09-4672-8CEF-A55F00E62083}.Debug|x86.ActiveCfg = Debug|Win32
		{DF5292CD-5B09-4672-8CEF-A55F00E62083}.Debug|x86.Build.0 = Debug|Win32
		{DF5292CD-5B09-4672-8CEF-A55F00E62083}.Release|x64.ActiveCfg = Release|x64
		{DF5292CD-5B09-4672-8CEF-A55F00E62083}.Release|x64.Build.0 = Release|x64
		{DF5292CD-5B09-4672-8CEF-A55F00E62083}.Release|x86.ActiveCfg = Release|Win32
		{DF5292CD-5B09-4672-8CEF-A55F00E62083}.Release|x86.Build.0 = Release|Win32
		{048938AE-DA84-4F09-9554-FFA87E00ADC4}.Debug|x64.ActiveCfg = Debug|x64
		{048938AE-DA84-4F09-9554-FFA87E00ADC4}.Debug|x64.Build.0 = Debug|x64
		{048938AE-DA84-4F09-9554-FFA87E00ADC4}.Debug|x86.ActiveCfg = Debug|Win32
		{048938AE-DA84-4F09-9554-FFA87E00ADC4}.Debug|x86.Build.0 = Debug|Win32
		{048938AE-DA84-4F09-9554-FFA87E00ADC4}.Release|x64.ActiveCfg = Release|x64
		{048938AE-DA84-4F09-9554-FFA87E00ADC4}.Release|x64.Build.0 = Release|x64
		{048938AE-DA84-4F09-9554-FFA87E00ADC4}.Release|x86.ActiveCfg = Release|Win32
		{048938AE-DA84-4F09-9554-FFA87E00ADC4}.Release|x86.Build.0 = Release|Win32
		{44B77CED-B1AD-4477-AE9D-85B31C31FE3E}.Debug|x64.ActiveCfg = Debug|x64
		{44B77CED-B1AD-4477-AE9D-85B31C31FE3E}.Debug|x64.Build.0 = Debug|x64
		{44B77CED-B1AD-4477-AE9D-85B31C31FE3E}.Debug|x86.ActiveCfg = Debug|Win32
		{44B77CED-B1AD-4477-AE9D-85B31C31FE3E}.Debug|x86.Build.0 = Debug|Win32
		{44B77CED-B1AD-4477-AE9D-85B31C31FE3E}.Release|x64.ActiveCfg = Release|x64
		{44B77CED-B1AD-4477-AE9D-85B31C31FE3E}.Release|x64.Build.0 = Release|x64
		{44B77CED-B1AD-4477-AE9D-85B31C31FE3E}.Release|x86.ActiveCfg = Release|Win32
		{44B77CED-B1AD-4477-AE9D-85B31C31FE3E}.Release|x86.Build.0 = Release|Win32
		{F6850083-B503-4935-BA55-E7F254A61BCF}.Debug|x64.ActiveCfg = Debug|x64
		{F6850083-B503-4935-BA55-E7F254A61BCF}.Debug|x64.Build.0 = Debug|x64
		{F6850083-B503-4935-BA55-E7F254A61BCF}.Debug|x86.ActiveCfg = Debug|Win32
		{F6850083-B503-4935-BA55-E7F254A61BCF}.Debug|x86.Build.0 = Debug|Win32
		{F6850083-B503-4935-BA55-E7F254A61BCF}.Release|x64.ActiveCfg = Release|x64
		{F6850083-B503-4935-BA55-E7F254A61BCF}.Release|x64.Build.0 = Release|x64
		{F6850083-B503-4935-BA55-E7F254A61BCF}.Release|x86.ActiveCfg = Release|Win32
		{F6850083-B503-4935-BA55-E7F254A61BCF}.Release|x86.Build.0 = Release|Win32
	EndGlobalSection
	GlobalSection(SolutionProperties) = preSolution
		HideSolutionNode = FALSE
	EndGlobalSection
	GlobalSection(ExtensibilityGlobals) = postSolution
		SolutionGuid = {80979B56-749F-4251-AE10-67F217CB8058}
	EndGlobalSection
EndGlobal
